
Microsoft Visual Studio Solution File, Format Version 12.00
# Visual Studio Version 17
VisualStudioVersion = 17.13.35806.99 d17.13
MinimumVisualStudioVersion = 10.0.40219.1
Project("{FAE04EC0-301F-11D3-BF4B-00C04F79EFBC}") = "Presentation", "Presentation\Presentation.csproj", "{10921A42-55F4-4731-AF0A-9A8323B43BB0}"
EndProject
Global
	GlobalSection(SolutionConfigurationPlatforms) = preSolution
		Debug|Any CPU = Debug|Any CPU
		Release|Any CPU = Release|Any CPU
	EndGlobalSection
	GlobalSection(ProjectConfigurationPlatforms) = postSolution
		{10921A42-55F4-4731-AF0A-9A8323B43BB0}.Debug|Any CPU.ActiveCfg = Debug|Any CPU
		{10921A42-55F4-4731-AF0A-9A8323B43BB0}.Debug|Any CPU.Build.0 = Debug|Any CPU
		{10921A42-55F4-4731-AF0A-9A8323B43BB0}.Release|Any CPU.ActiveCfg = Release|Any CPU
		{10921A42-55F4-4731-AF0A-9A8323B43BB0}.Release|Any CPU.Build.0 = Release|Any CPU
	EndGlobalSection
	GlobalSection(SolutionProperties) = preSolution
		HideSolutionNode = FALSE
	EndGlobalSection
	GlobalSection(ExtensibilityGlobals) = postSolution
		SolutionGuid = {7F958B84-4437-4698-9696-F887626710BA}
	EndGlobalSection
EndGlobal
